
Microsoft Visual Studio Solution File, Format Version 12.00
# Visual Studio Version 16
VisualStudioVersion = 16.0.29503.13
MinimumVisualStudioVersion = 10.0.40219.1
Project("{FAE04EC0-301F-11D3-BF4B-00C04F79EFBC}") = "SUBROOUTPASSWORDGIT2", "SUBROOUTPASSWORDGIT2\SUBROOUTPASSWORDGIT2.csproj", "{24B3961A-342E-47B2-8AB0-897A8FD550A7}"
EndProject
Global
	GlobalSection(SolutionConfigurationPlatforms) = preSolution
		Debug|Any CPU = Debug|Any CPU
		Release|Any CPU = Release|Any CPU
	EndGlobalSection
	GlobalSection(ProjectConfigurationPlatforms) = postSolution
		{24B3961A-342E-47B2-8AB0-897A8FD550A7}.Debug|Any CPU.ActiveCfg = Debug|Any CPU
		{24B3961A-342E-47B2-8AB0-897A8FD550A7}.Debug|Any CPU.Build.0 = Debug|Any CPU
		{24B3961A-342E-47B2-8AB0-897A8FD550A7}.Release|Any CPU.ActiveCfg = Release|Any CPU
		{24B3961A-342E-47B2-8AB0-897A8FD550A7}.Release|Any CPU.Build.0 = Release|Any CPU
	EndGlobalSection
	GlobalSection(SolutionProperties) = preSolution
		HideSolutionNode = FALSE
	EndGlobalSection
	GlobalSection(ExtensibilityGlobals) = postSolution
		SolutionGuid = {0AD928A8-CD35-4205-AC8B-84C7E5AF27A5}
	EndGlobalSection
EndGlobal
